
Microsoft Visual Studio Solution File, Format Version 12.00
# Visual Studio Version 16
VisualStudioVersion = 25.0.1706.7
MinimumVisualStudioVersion = 10.0.40219.1
Project("{FAE04EC0-301F-11D3-BF4B-00C04F79EFBC}") = "MonitoringExample", "MonitoringExample\MonitoringExample.csproj", "{4CF35F23-606A-42CC-8452-17C672701749}"
EndProject
Project("{E53339B2-1760-4266-BCC7-CA923CBCF16C}") = "docker-compose", "docker-compose.dcproj", "{0A9D1689-D2B5-434E-9744-115140227BA4}"
EndProject
Project("{2150E333-8FDC-42A3-9474-1A3956D46DE8}") = "Solution Items", "Solution Items", "{1D7D3183-D5D5-4398-BEC0-583A840DDEBE}"
	ProjectSection(SolutionItems) = preProject
		Dockerfile = Dockerfile
	EndProjectSection
EndProject
Global
	GlobalSection(SolutionConfigurationPlatforms) = preSolution
		Debug|Any CPU = Debug|Any CPU
		Release|Any CPU = Release|Any CPU
	EndGlobalSection
	GlobalSection(ProjectConfigurationPlatforms) = postSolution
		{4CF35F23-606A-42CC-8452-17C672701749}.Debug|Any CPU.ActiveCfg = Debug|Any CPU
		{4CF35F23-606A-42CC-8452-17C672701749}.Debug|Any CPU.Build.0 = Debug|Any CPU
		{4CF35F23-606A-42CC-8452-17C672701749}.Release|Any CPU.ActiveCfg = Release|Any CPU
		{4CF35F23-606A-42CC-8452-17C672701749}.Release|Any CPU.Build.0 = Release|Any CPU
		{0A9D1689-D2B5-434E-9744-115140227BA4}.Debug|Any CPU.ActiveCfg = Debug|Any CPU
		{0A9D1689-D2B5-434E-9744-115140227BA4}.Debug|Any CPU.Build.0 = Debug|Any CPU
		{0A9D1689-D2B5-434E-9744-115140227BA4}.Release|Any CPU.ActiveCfg = Release|Any CPU
		{0A9D1689-D2B5-434E-9744-115140227BA4}.Release|Any CPU.Build.0 = Release|Any CPU
	EndGlobalSection
	GlobalSection(SolutionProperties) = preSolution
		HideSolutionNode = FALSE
	EndGlobalSection
	GlobalSection(ExtensibilityGlobals) = postSolution
		SolutionGuid = {13011294-687C-43E2-B921-6EF2DE03E124}
	EndGlobalSection
EndGlobal
